# generated by rye
# use `rye lock` or `rye sync` to update this lockfile
#
# last locked with the following flags:
#   pre: false
#   features: []
#   all-features: false
#   with-sources: false

-e file:.
albumentations==1.4.0
    # via hms-2024
anyio==4.3.0
    # via jupyter-server
appdirs==1.4.4
    # via wandb
argon2-cffi==23.1.0
    # via jupyter-server
argon2-cffi-bindings==21.2.0
    # via argon2-cffi
arrow==1.3.0
    # via isoduration
asttokens==2.4.1
    # via stack-data
async-lru==2.0.4
    # via jupyterlab
attrs==23.2.0
    # via jsonschema
    # via referencing
audioread==3.0.1
    # via librosa
babel==2.14.0
    # via jupyterlab-server
backcall==0.2.0
    # via ipython
beautifulsoup4==4.12.3
    # via nbconvert
bleach==6.1.0
    # via kaggle
    # via nbconvert
certifi==2022.12.7
    # via kaggle
    # via requests
    # via sentry-sdk
cffi==1.16.0
    # via argon2-cffi-bindings
    # via soundfile
charset-normalizer==2.1.1
    # via requests
click==8.1.7
    # via wandb
comm==0.2.1
    # via ipykernel
contourpy==1.2.0
    # via matplotlib
cramjam==2.8.1
    # via fastparquet
cycler==0.12.1
    # via matplotlib
debugpy==1.8.1
    # via ipykernel
decorator==5.1.1
    # via ipython
    # via librosa
defusedxml==0.7.1
    # via nbconvert
docker-pycreds==0.4.0
    # via wandb
exceptiongroup==1.2.0
    # via anyio
executing==2.0.1
    # via stack-data
fastjsonschema==2.19.1
    # via nbformat
fastparquet==2024.2.0
    # via hms-2024
filelock==3.9.0
    # via huggingface-hub
    # via torch
    # via triton
fonttools==4.49.0
    # via matplotlib
fqdn==1.5.1
    # via jsonschema
fsspec==2023.4.0
    # via fastparquet
    # via huggingface-hub
    # via torch
gitdb==4.0.11
    # via gitpython
gitpython==3.1.42
    # via wandb
huggingface-hub==0.17.3
    # via timm
idna==3.4
    # via anyio
    # via jsonschema
    # via requests
imageio==2.34.0
    # via scikit-image
ipykernel==6.29.3
    # via jupyterlab
ipython==8.14.0
    # via ipykernel
isoduration==20.11.0
    # via jsonschema
jedi==0.19.1
    # via ipython
jinja2==3.1.2
    # via jupyter-server
    # via jupyterlab
    # via jupyterlab-server
    # via memray
    # via nbconvert
    # via torch
joblib==1.3.2
    # via librosa
    # via scikit-learn
json5==0.9.17
    # via jupyterlab-server
jsonpointer==2.4
    # via jsonschema
jsonschema==4.21.1
    # via jupyter-events
    # via jupyterlab-server
    # via nbformat
jsonschema-specifications==2023.12.1
    # via jsonschema
jupyter-client==8.6.0
    # via ipykernel
    # via jupyter-server
    # via nbclient
jupyter-core==5.7.1
    # via ipykernel
    # via jupyter-client
    # via jupyter-server
    # via jupyterlab
    # via nbclient
    # via nbconvert
    # via nbformat
jupyter-events==0.9.0
    # via jupyter-server
jupyter-lsp==2.2.3
    # via jupyterlab
jupyter-server==2.12.5
    # via jupyter-lsp
    # via jupyterlab
    # via jupyterlab-server
    # via notebook-shim
jupyter-server-terminals==0.5.2
    # via jupyter-server
jupyterlab==4.0.13
jupyterlab-pygments==0.3.0
    # via nbconvert
jupyterlab-server==2.24.0
    # via jupyterlab
kaggle==1.6.6
kiwisolver==1.4.5
    # via matplotlib
lazy-loader==0.3
    # via librosa
    # via scikit-image
librosa==0.10.1
    # via hms-2024
lightgbm==4.3.0
    # via hms-2024
linkify-it-py==2.0.3
    # via markdown-it-py
llvmlite==0.42.0
    # via numba
markdown-it-py==3.0.0
    # via mdit-py-plugins
    # via rich
    # via textual
markupsafe==2.1.3
    # via jinja2
    # via nbconvert
matplotlib==3.8.3
    # via hms-2024
    # via seaborn
matplotlib-inline==0.1.6
    # via ipykernel
    # via ipython
mdit-py-plugins==0.4.0
    # via markdown-it-py
mdurl==0.1.2
    # via markdown-it-py
memray==1.11.0
mistune==3.0.2
    # via nbconvert
mpmath==1.3.0
    # via sympy
msgpack==1.0.7
    # via librosa
mypy==1.8.0
mypy-extensions==1.0.0
    # via mypy
nbclient==0.9.0
    # via nbconvert
nbconvert==7.16.1
    # via jupyter-server
nbformat==5.9.2
    # via jupyter-server
    # via nbclient
    # via nbconvert
nest-asyncio==1.6.0
    # via ipykernel
networkx==3.2.1
    # via scikit-image
    # via torch
notebook-shim==0.2.4
    # via jupyterlab
numba==0.59.0
    # via librosa
numpy==1.26.3
    # via albumentations
    # via contourpy
    # via fastparquet
    # via hms-2024
    # via imageio
    # via librosa
    # via lightgbm
    # via matplotlib
    # via numba
    # via opencv-python
    # via opencv-python-headless
    # via pandas
    # via pyarrow
    # via pywavelets
    # via qudida
    # via scikit-image
    # via scikit-learn
    # via scipy
    # via seaborn
    # via soxr
    # via tifffile
    # via torchvision
nvidia-cublas-cu11==11.11.3.6
    # via nvidia-cudnn-cu11
    # via nvidia-cusolver-cu11
    # via torch
nvidia-cuda-cupti-cu11==11.8.87
    # via torch
nvidia-cuda-nvrtc-cu11==11.8.89
    # via torch
nvidia-cuda-runtime-cu11==11.8.89
    # via torch
nvidia-cudnn-cu11==8.7.0.84
    # via torch
nvidia-cufft-cu11==10.9.0.58
    # via torch
nvidia-curand-cu11==10.3.0.86
    # via torch
nvidia-cusolver-cu11==11.4.1.48
    # via torch
nvidia-cusparse-cu11==11.7.5.86
    # via torch
nvidia-nccl-cu11==2.19.3
    # via torch
nvidia-nvtx-cu11==11.8.86
    # via torch
opencv-python==4.9.0.80
    # via albumentations
    # via hms-2024
opencv-python-headless==4.9.0.80
    # via qudida
overrides==7.7.0
    # via jupyter-server
packaging==22.0
    # via fastparquet
    # via huggingface-hub
    # via ipykernel
    # via jupyter-server
    # via jupyterlab
    # via jupyterlab-server
    # via matplotlib
    # via nbconvert
    # via plotly
    # via pooch
    # via scikit-image
pandas==2.2.1
    # via fastparquet
    # via hms-2024
    # via seaborn
pandocfilters==1.5.1
    # via nbconvert
parso==0.8.3
    # via jedi
pexpect==4.9.0
    # via ipython
pickleshare==0.7.5
    # via ipython
pillow==10.2.0
    # via imageio
    # via matplotlib
    # via scikit-image
    # via torchvision
platformdirs==4.2.0
    # via jupyter-core
    # via pooch
plotly==5.19.0
    # via hms-2024
polars==0.20.10
    # via hms-2024
pooch==1.8.1
    # via librosa
prometheus-client==0.20.0
    # via jupyter-server
prompt-toolkit==3.0.43
    # via ipython
protobuf==4.25.3
    # via wandb
psutil==5.9.8
    # via ipykernel
    # via wandb
ptyprocess==0.7.0
    # via pexpect
    # via terminado
pure-eval==0.2.2
    # via stack-data
pyarrow==15.0.0
    # via hms-2024
pycparser==2.21
    # via cffi
pygments==2.17.2
    # via ipython
    # via nbconvert
    # via rich
pyparsing==3.1.1
    # via matplotlib
python-dateutil==2.8.2
    # via arrow
    # via jupyter-client
    # via kaggle
    # via matplotlib
    # via pandas
python-json-logger==2.0.7
    # via jupyter-events
python-slugify==8.0.4
    # via kaggle
pytz==2023.4
    # via pandas
pywavelets==1.5.0
    # via hms-2024
pyyaml==6.0.1
    # via albumentations
    # via huggingface-hub
    # via jupyter-events
    # via timm
    # via wandb
pyzmq==25.1.2
    # via ipykernel
    # via jupyter-client
    # via jupyter-server
qudida==0.0.4
    # via albumentations
referencing==0.33.0
    # via jsonschema
    # via jsonschema-specifications
    # via jupyter-events
requests==2.28.1
    # via huggingface-hub
    # via jupyterlab-server
    # via kaggle
    # via pooch
    # via wandb
rfc3339-validator==0.1.4
    # via jsonschema
    # via jupyter-events
rfc3986-validator==0.1.1
    # via jsonschema
    # via jupyter-events
rich==13.7.0
    # via memray
    # via textual
rpds-py==0.18.0
    # via jsonschema
    # via referencing
ruff==0.2.2
safetensors==0.4.2
    # via timm
scikit-image==0.22.0
    # via albumentations
scikit-learn==1.4.1.post1
    # via hms-2024
    # via librosa
    # via qudida
scipy==1.12.0
    # via albumentations
    # via librosa
    # via lightgbm
    # via scikit-image
    # via scikit-learn
seaborn==0.13.2
    # via hms-2024
send2trash==1.8.2
    # via jupyter-server
sentry-sdk==1.40.6
    # via wandb
setproctitle==1.3.3
    # via wandb
setuptools==69.1.1
    # via wandb
six==1.16.0
    # via asttokens
    # via bleach
    # via docker-pycreds
    # via kaggle
    # via python-dateutil
    # via rfc3339-validator
smmap==5.0.1
    # via gitdb
sniffio==1.3.1
    # via anyio
soundfile==0.12.1
    # via librosa
soupsieve==2.5
    # via beautifulsoup4
soxr==0.3.7
    # via librosa
stack-data==0.6.3
    # via ipython
sympy==1.12
    # via torch
tabulate==0.9.0
tenacity==8.2.3
    # via plotly
terminado==0.18.0
    # via jupyter-server
    # via jupyter-server-terminals
text-unidecode==1.3
    # via python-slugify
textual==0.52.1
    # via memray
threadpoolctl==3.3.0
    # via scikit-learn
tifffile==2024.2.12
    # via scikit-image
timm==0.9.16
    # via hms-2024
tinycss2==1.2.1
    # via nbconvert
tomli==2.0.1
    # via jupyterlab
    # via mypy
torch==2.2.1+cu118
    # via hms-2024
    # via timm
    # via torchaudio
    # via torchvision
torchaudio==2.2.1+cu118
    # via hms-2024
torchvision==0.17.1+cu118
    # via hms-2024
    # via timm
tornado==6.4
    # via ipykernel
    # via jupyter-client
    # via jupyter-server
    # via jupyterlab
    # via terminado
tqdm==4.64.1
    # via huggingface-hub
    # via kaggle
traitlets==5.14.1
    # via comm
    # via ipykernel
    # via ipython
    # via jupyter-client
    # via jupyter-core
    # via jupyter-events
    # via jupyter-server
    # via jupyterlab
    # via matplotlib-inline
    # via nbclient
    # via nbconvert
    # via nbformat
triton==2.2.0
    # via torch
types-python-dateutil==2.8.19.20240106
    # via arrow
typing-extensions==4.8.0
    # via anyio
    # via async-lru
    # via huggingface-hub
    # via librosa
    # via mypy
    # via qudida
    # via textual
    # via torch
tzdata==2024.1
    # via pandas
uc-micro-py==1.0.3
    # via linkify-it-py
uri-template==1.3.0
    # via jsonschema
urllib3==1.26.13
    # via kaggle
    # via requests
    # via sentry-sdk
wandb==0.16.5
    # via hms-2024
wcwidth==0.2.13
    # via prompt-toolkit
webcolors==1.13
    # via jsonschema
webencodings==0.5.1
    # via bleach
    # via tinycss2
websocket-client==1.7.0
    # via jupyter-server
